
Microsoft Visual Studio Solution File, Format Version 12.00
# Visual Studio 15
Project("{FAE04EC0-301F-11D3-BF4B-00C04F79EFBC}") = "UnityEngine.TestRunner", "UnityEngine.TestRunner.csproj", "{90428AC0-6960-73D5-011F-52A174AF5FC2}"
EndProject
Project("{FAE04EC0-301F-11D3-BF4B-00C04F79EFBC}") = "Unity.Mathematics", "Unity.Mathematics.csproj", "{C02FC912-8FC9-4B0A-0DC7-0F06CF39B15F}"
EndProject
Project("{FAE04EC0-301F-11D3-BF4B-00C04F79EFBC}") = "Unity.2D.Animation.Triangle.Runtime", "Unity.2D.Animation.Triangle.Runtime.csproj", "{DAB73FD2-7D53-4F4D-8381-56B889502BB6}"
EndProject
Project("{FAE04EC0-301F-11D3-BF4B-00C04F79EFBC}") = "Unity.Timeline", "Unity.Timeline.csproj", "{1E41A505-357E-EA96-DFE6-5D8E64DC6CED}"
EndProject
Project("{FAE04EC0-301F-11D3-BF4B-00C04F79EFBC}") = "UnityEngine.UI", "UnityEngine.UI.csproj", "{DF88DEF2-0EAC-98D0-4EEB-C08740ECBA0D}"
EndProject
Project("{FAE04EC0-301F-11D3-BF4B-00C04F79EFBC}") = "Cinemachine", "Cinemachine.csproj", "{A64CAEDA-CC13-C276-8A6B-44FB88A8C67C}"
EndProject
Project("{FAE04EC0-301F-11D3-BF4B-00C04F79EFBC}") = "Unity.TextMeshPro", "Unity.TextMeshPro.csproj", "{15D96978-BF4B-DAA0-E662-254A3F71D6C7}"
EndProject
Project("{FAE04EC0-301F-11D3-BF4B-00C04F79EFBC}") = "Unity.2D.Animation.Runtime", "Unity.2D.Animation.Runtime.csproj", "{C6A4D238-3EF9-16EC-0C07-88519ACFB747}"
EndProject
Project("{FAE04EC0-301F-11D3-BF4B-00C04F79EFBC}") = "Unity.2D.IK.Runtime", "Unity.2D.IK.Runtime.csproj", "{432850C3-84B7-C206-BAAA-11D13CEABF40}"
EndProject
Project("{FAE04EC0-301F-11D3-BF4B-00C04F79EFBC}") = "Unity.2D.SpriteShape.Runtime", "Unity.2D.SpriteShape.Runtime.csproj", "{861FA075-AB5A-DF85-F0F7-7D7B80401ABB}"
EndProject
Project("{FAE04EC0-301F-11D3-BF4B-00C04F79EFBC}") = "Unity.2D.PixelPerfect", "Unity.2D.PixelPerfect.csproj", "{A10A4CB6-26FA-B975-FA1E-01128E1CA3D2}"
EndProject
Project("{FAE04EC0-301F-11D3-BF4B-00C04F79EFBC}") = "Assembly-CSharp", "Assembly-CSharp.csproj", "{AF72DF59-C068-C86F-5C15-BDBCB2D0E46A}"
EndProject
Project("{FAE04EC0-301F-11D3-BF4B-00C04F79EFBC}") = "Unity.2D.Common.Runtime", "Unity.2D.Common.Runtime.csproj", "{7BA7DDC7-4DA4-59B9-6B8B-81E99D3040F9}"
EndProject
Project("{FAE04EC0-301F-11D3-BF4B-00C04F79EFBC}") = "Unity.InternalAPIEngineBridge.001", "Unity.InternalAPIEngineBridge.001.csproj", "{B6F62572-B298-DD50-781C-A8580664E0FC}"
EndProject
Project("{FAE04EC0-301F-11D3-BF4B-00C04F79EFBC}") = "UnityEditor.TestRunner", "UnityEditor.TestRunner.csproj", "{BD19AF04-7371-73F9-4F85-95FBDDB42AE6}"
EndProject
Project("{FAE04EC0-301F-11D3-BF4B-00C04F79EFBC}") = "UnityEditor.UI", "UnityEditor.UI.csproj", "{B9A0CF58-3168-B04B-3DCA-E8DC52527E48}"
EndProject
Project("{FAE04EC0-301F-11D3-BF4B-00C04F79EFBC}") = "Unity.Timeline.Editor", "Unity.Timeline.Editor.csproj", "{740205CA-C9A8-C642-4460-A6814CEDE027}"
EndProject
Project("{FAE04EC0-301F-11D3-BF4B-00C04F79EFBC}") = "Unity.VisualStudio.Editor", "Unity.VisualStudio.Editor.csproj", "{E34A0B6B-AFDB-E57A-F2E6-D29BA103D619}"
EndProject
Project("{FAE04EC0-301F-11D3-BF4B-00C04F79EFBC}") = "com.unity.cinemachine.editor", "com.unity.cinemachine.editor.csproj", "{F188D394-9DB7-E0D1-D857-4B644B198578}"
EndProject
Project("{FAE04EC0-301F-11D3-BF4B-00C04F79EFBC}") = "Unity.2D.Psdimporter.Editor", "Unity.2D.Psdimporter.Editor.csproj", "{1D7F07D9-1D6E-03D9-69A3-DD2ADFE1C83F}"
EndProject
Project("{FAE04EC0-301F-11D3-BF4B-00C04F79EFBC}") = "Unity.2D.Animation.Editor", "Unity.2D.Animation.Editor.csproj", "{812D8856-D106-9966-3F15-61AF318B9FDA}"
EndProject
Project("{FAE04EC0-301F-11D3-BF4B-00C04F79EFBC}") = "Unity.TextMeshPro.Editor", "Unity.TextMeshPro.Editor.csproj", "{88A7776D-FA0F-4FB8-DA89-5B7D79BD81DB}"
EndProject
Project("{FAE04EC0-301F-11D3-BF4B-00C04F79EFBC}") = "Unity.2D.SpriteShape.Editor", "Unity.2D.SpriteShape.Editor.csproj", "{060B8C90-CA68-76EF-19C4-F1C281FD020C}"
EndProject
Project("{FAE04EC0-301F-11D3-BF4B-00C04F79EFBC}") = "Unity.CollabProxy.Editor", "Unity.CollabProxy.Editor.csproj", "{F824FDA4-89E7-F0DA-74DD-6270B92B97B4}"
EndProject
Project("{FAE04EC0-301F-11D3-BF4B-00C04F79EFBC}") = "PsdPlugin", "PsdPlugin.csproj", "{273AF915-3D7A-42AA-291C-F164B614506B}"
EndProject
Project("{FAE04EC0-301F-11D3-BF4B-00C04F79EFBC}") = "Unity.2D.Path.Editor", "Unity.2D.Path.Editor.csproj", "{6F51AE47-1D6A-6E66-8629-59A00603594B}"
EndProject
Project("{FAE04EC0-301F-11D3-BF4B-00C04F79EFBC}") = "Unity.Rider.Editor", "Unity.Rider.Editor.csproj", "{213FEB07-1F7D-9B8E-A6C9-F4044C796836}"
EndProject
Project("{FAE04EC0-301F-11D3-BF4B-00C04F79EFBC}") = "Unity.2D.IK.Editor", "Unity.2D.IK.Editor.csproj", "{6B2F609B-86F1-D03E-6B0E-D178EA0B748C}"
EndProject
Project("{FAE04EC0-301F-11D3-BF4B-00C04F79EFBC}") = "Unity.2D.Sprite.Editor", "Unity.2D.Sprite.Editor.csproj", "{C2E2D726-5573-992C-9517-DCE21DD1AA84}"
EndProject
Project("{FAE04EC0-301F-11D3-BF4B-00C04F79EFBC}") = "Unity.2D.Tilemap.Editor", "Unity.2D.Tilemap.Editor.csproj", "{013B9094-1467-A8AB-4231-458A31A00A17}"
EndProject
Project("{FAE04EC0-301F-11D3-BF4B-00C04F79EFBC}") = "Unity.2D.PixelPerfect.Editor", "Unity.2D.PixelPerfect.Editor.csproj", "{F7400F89-FEFA-1272-A8CA-CF0BFDD2FD4A}"
EndProject
Project("{FAE04EC0-301F-11D3-BF4B-00C04F79EFBC}") = "Unity.VSCode.Editor", "Unity.VSCode.Editor.csproj", "{7793FFFB-B104-E503-A132-50775F7C9981}"
EndProject
Project("{FAE04EC0-301F-11D3-BF4B-00C04F79EFBC}") = "Unity.2D.Common.Editor", "Unity.2D.Common.Editor.csproj", "{EEDDA70D-720F-79C7-795B-B02F941C108C}"
EndProject
Project("{FAE04EC0-301F-11D3-BF4B-00C04F79EFBC}") = "Unity.Mathematics.Editor", "Unity.Mathematics.Editor.csproj", "{878D9E89-2F1D-2F31-D431-4EDF5C13DAA1}"
EndProject
Project("{FAE04EC0-301F-11D3-BF4B-00C04F79EFBC}") = "Unity.InternalAPIEditorBridge.001", "Unity.InternalAPIEditorBridge.001.csproj", "{DC969F6B-DBF0-5639-10FD-DA3AC98ECA6E}"
EndProject
Project("{FAE04EC0-301F-11D3-BF4B-00C04F79EFBC}") = "UnityEngine.TestRunner", "UnityEngine.TestRunner.Player.csproj", "{724CC013-153C-223B-205C-852977A9BD37}"
EndProject
Project("{FAE04EC0-301F-11D3-BF4B-00C04F79EFBC}") = "Unity.Mathematics", "Unity.Mathematics.Player.csproj", "{A5EC1BE3-AFEE-D923-C901-53484BB6A04A}"
EndProject
Project("{FAE04EC0-301F-11D3-BF4B-00C04F79EFBC}") = "Unity.2D.Animation.Triangle.Runtime", "Unity.2D.Animation.Triangle.Runtime.Player.csproj", "{EB364738-DA62-B0F5-8E71-8EBF9F51A5C0}"
EndProject
Project("{FAE04EC0-301F-11D3-BF4B-00C04F79EFBC}") = "Unity.Timeline", "Unity.Timeline.Player.csproj", "{4F6522D1-24B4-17A9-9539-F7A65CDD4E67}"
EndProject
Project("{FAE04EC0-301F-11D3-BF4B-00C04F79EFBC}") = "UnityEngine.UI", "UnityEngine.UI.Player.csproj", "{A17E3C24-E7FF-54CB-F91A-D4B475FAB25C}"
EndProject
Project("{FAE04EC0-301F-11D3-BF4B-00C04F79EFBC}") = "Cinemachine", "Cinemachine.Player.csproj", "{8EF26504-77CF-3220-D337-20CA3180E8C3}"
EndProject
Project("{FAE04EC0-301F-11D3-BF4B-00C04F79EFBC}") = "Unity.TextMeshPro", "Unity.TextMeshPro.Player.csproj", "{4A63D256-1FF3-EE4B-CED9-B0F77764FE0D}"
EndProject
Project("{FAE04EC0-301F-11D3-BF4B-00C04F79EFBC}") = "Unity.2D.Animation.Runtime", "Unity.2D.Animation.Runtime.Player.csproj", "{5D739D39-ED6A-A7C4-9E30-6F1788944A84}"
EndProject
Project("{FAE04EC0-301F-11D3-BF4B-00C04F79EFBC}") = "Unity.2D.IK.Runtime", "Unity.2D.IK.Runtime.Player.csproj", "{FC36BA86-91FD-0540-3BF0-C4DCA7594E85}"
EndProject
Project("{FAE04EC0-301F-11D3-BF4B-00C04F79EFBC}") = "Unity.2D.SpriteShape.Runtime", "Unity.2D.SpriteShape.Runtime.Player.csproj", "{828CD255-CDAA-49FE-EA13-A5079158BB99}"
EndProject
Project("{FAE04EC0-301F-11D3-BF4B-00C04F79EFBC}") = "Unity.2D.PixelPerfect", "Unity.2D.PixelPerfect.Player.csproj", "{C9429772-856A-6AD9-FC90-CE290BAE3891}"
EndProject
Project("{FAE04EC0-301F-11D3-BF4B-00C04F79EFBC}") = "Assembly-CSharp", "Assembly-CSharp.Player.csproj", "{81834CC8-95D4-0ED9-7255-C15046B35365}"
EndProject
Project("{FAE04EC0-301F-11D3-BF4B-00C04F79EFBC}") = "Unity.2D.Common.Runtime", "Unity.2D.Common.Runtime.Player.csproj", "{6A1B281D-9952-31FD-4DA4-D5D01CD0DA09}"
EndProject
Project("{FAE04EC0-301F-11D3-BF4B-00C04F79EFBC}") = "Unity.InternalAPIEngineBridge.001", "Unity.InternalAPIEngineBridge.001.Player.csproj", "{04B59757-6B1B-AC30-0C4F-EDCB90D61FE5}"
EndProject
Global
	GlobalSection(SolutionConfigurationPlatforms) = preSolution
		Debug|Any CPU = Debug|Any CPU
		Release|Any CPU = Release|Any CPU
	EndGlobalSection
	GlobalSection(ProjectConfigurationPlatforms) = postSolution
		{90428AC0-6960-73D5-011F-52A174AF5FC2}.Debug|Any CPU.ActiveCfg = Debug|Any CPU
		{90428AC0-6960-73D5-011F-52A174AF5FC2}.Debug|Any CPU.Build.0 = Debug|Any CPU
		{90428AC0-6960-73D5-011F-52A174AF5FC2}.Release|Any CPU.ActiveCfg = Release|Any CPU
		{90428AC0-6960-73D5-011F-52A174AF5FC2}.Release|Any CPU.Build.0 = Release|Any CPU
		{C02FC912-8FC9-4B0A-0DC7-0F06CF39B15F}.Debug|Any CPU.ActiveCfg = Debug|Any CPU
		{C02FC912-8FC9-4B0A-0DC7-0F06CF39B15F}.Debug|Any CPU.Build.0 = Debug|Any CPU
		{C02FC912-8FC9-4B0A-0DC7-0F06CF39B15F}.Release|Any CPU.ActiveCfg = Release|Any CPU
		{C02FC912-8FC9-4B0A-0DC7-0F06CF39B15F}.Release|Any CPU.Build.0 = Release|Any CPU
		{DAB73FD2-7D53-4F4D-8381-56B889502BB6}.Debug|Any CPU.ActiveCfg = Debug|Any CPU
		{DAB73FD2-7D53-4F4D-8381-56B889502BB6}.Debug|Any CPU.Build.0 = Debug|Any CPU
		{DAB73FD2-7D53-4F4D-8381-56B889502BB6}.Release|Any CPU.ActiveCfg = Release|Any CPU
		{DAB73FD2-7D53-4F4D-8381-56B889502BB6}.Release|Any CPU.Build.0 = Release|Any CPU
		{1E41A505-357E-EA96-DFE6-5D8E64DC6CED}.Debug|Any CPU.ActiveCfg = Debug|Any CPU
		{1E41A505-357E-EA96-DFE6-5D8E64DC6CED}.Debug|Any CPU.Build.0 = Debug|Any CPU
		{1E41A505-357E-EA96-DFE6-5D8E64DC6CED}.Release|Any CPU.ActiveCfg = Release|Any CPU
		{1E41A505-357E-EA96-DFE6-5D8E64DC6CED}.Release|Any CPU.Build.0 = Release|Any CPU
		{DF88DEF2-0EAC-98D0-4EEB-C08740ECBA0D}.Debug|Any CPU.ActiveCfg = Debug|Any CPU
		{DF88DEF2-0EAC-98D0-4EEB-C08740ECBA0D}.Debug|Any CPU.Build.0 = Debug|Any CPU
		{DF88DEF2-0EAC-98D0-4EEB-C08740ECBA0D}.Release|Any CPU.ActiveCfg = Release|Any CPU
		{DF88DEF2-0EAC-98D0-4EEB-C08740ECBA0D}.Release|Any CPU.Build.0 = Release|Any CPU
		{A64CAEDA-CC13-C276-8A6B-44FB88A8C67C}.Debug|Any CPU.ActiveCfg = Debug|Any CPU
		{A64CAEDA-CC13-C276-8A6B-44FB88A8C67C}.Debug|Any CPU.Build.0 = Debug|Any CPU
		{A64CAEDA-CC13-C276-8A6B-44FB88A8C67C}.Release|Any CPU.ActiveCfg = Release|Any CPU
		{A64CAEDA-CC13-C276-8A6B-44FB88A8C67C}.Release|Any CPU.Build.0 = Release|Any CPU
		{15D96978-BF4B-DAA0-E662-254A3F71D6C7}.Debug|Any CPU.ActiveCfg = Debug|Any CPU
		{15D96978-BF4B-DAA0-E662-254A3F71D6C7}.Debug|Any CPU.Build.0 = Debug|Any CPU
		{15D96978-BF4B-DAA0-E662-254A3F71D6C7}.Release|Any CPU.ActiveCfg = Release|Any CPU
		{15D96978-BF4B-DAA0-E662-254A3F71D6C7}.Release|Any CPU.Build.0 = Release|Any CPU
		{C6A4D238-3EF9-16EC-0C07-88519ACFB747}.Debug|Any CPU.ActiveCfg = Debug|Any CPU
		{C6A4D238-3EF9-16EC-0C07-88519ACFB747}.Debug|Any CPU.Build.0 = Debug|Any CPU
		{C6A4D238-3EF9-16EC-0C07-88519ACFB747}.Release|Any CPU.ActiveCfg = Release|Any CPU
		{C6A4D238-3EF9-16EC-0C07-88519ACFB747}.Release|Any CPU.Build.0 = Release|Any CPU
		{432850C3-84B7-C206-BAAA-11D13CEABF40}.Debug|Any CPU.ActiveCfg = Debug|Any CPU
		{432850C3-84B7-C206-BAAA-11D13CEABF40}.Debug|Any CPU.Build.0 = Debug|Any CPU
		{432850C3-84B7-C206-BAAA-11D13CEABF40}.Release|Any CPU.ActiveCfg = Release|Any CPU
		{432850C3-84B7-C206-BAAA-11D13CEABF40}.Release|Any CPU.Build.0 = Release|Any CPU
		{861FA075-AB5A-DF85-F0F7-7D7B80401ABB}.Debug|Any CPU.ActiveCfg = Debug|Any CPU
		{861FA075-AB5A-DF85-F0F7-7D7B80401ABB}.Debug|Any CPU.Build.0 = Debug|Any CPU
		{861FA075-AB5A-DF85-F0F7-7D7B80401ABB}.Release|Any CPU.ActiveCfg = Release|Any CPU
		{861FA075-AB5A-DF85-F0F7-7D7B80401ABB}.Release|Any CPU.Build.0 = Release|Any CPU
		{A10A4CB6-26FA-B975-FA1E-01128E1CA3D2}.Debug|Any CPU.ActiveCfg = Debug|Any CPU
		{A10A4CB6-26FA-B975-FA1E-01128E1CA3D2}.Debug|Any CPU.Build.0 = Debug|Any CPU
		{A10A4CB6-26FA-B975-FA1E-01128E1CA3D2}.Release|Any CPU.ActiveCfg = Release|Any CPU
		{A10A4CB6-26FA-B975-FA1E-01128E1CA3D2}.Release|Any CPU.Build.0 = Release|Any CPU
		{AF72DF59-C068-C86F-5C15-BDBCB2D0E46A}.Debug|Any CPU.ActiveCfg = Debug|Any CPU
		{AF72DF59-C068-C86F-5C15-BDBCB2D0E46A}.Debug|Any CPU.Build.0 = Debug|Any CPU
		{AF72DF59-C068-C86F-5C15-BDBCB2D0E46A}.Release|Any CPU.ActiveCfg = Release|Any CPU
		{AF72DF59-C068-C86F-5C15-BDBCB2D0E46A}.Release|Any CPU.Build.0 = Release|Any CPU
		{7BA7DDC7-4DA4-59B9-6B8B-81E99D3040F9}.Debug|Any CPU.ActiveCfg = Debug|Any CPU
		{7BA7DDC7-4DA4-59B9-6B8B-81E99D3040F9}.Debug|Any CPU.Build.0 = Debug|Any CPU
		{7BA7DDC7-4DA4-59B9-6B8B-81E99D3040F9}.Release|Any CPU.ActiveCfg = Release|Any CPU
		{7BA7DDC7-4DA4-59B9-6B8B-81E99D3040F9}.Release|Any CPU.Build.0 = Release|Any CPU
		{B6F62572-B298-DD50-781C-A8580664E0FC}.Debug|Any CPU.ActiveCfg = Debug|Any CPU
		{B6F62572-B298-DD50-781C-A8580664E0FC}.Debug|Any CPU.Build.0 = Debug|Any CPU
		{B6F62572-B298-DD50-781C-A8580664E0FC}.Release|Any CPU.ActiveCfg = Release|Any CPU
		{B6F62572-B298-DD50-781C-A8580664E0FC}.Release|Any CPU.Build.0 = Release|Any CPU
		{BD19AF04-7371-73F9-4F85-95FBDDB42AE6}.Debug|Any CPU.ActiveCfg = Debug|Any CPU
		{BD19AF04-7371-73F9-4F85-95FBDDB42AE6}.Debug|Any CPU.Build.0 = Debug|Any CPU
		{BD19AF04-7371-73F9-4F85-95FBDDB42AE6}.Release|Any CPU.ActiveCfg = Release|Any CPU
		{BD19AF04-7371-73F9-4F85-95FBDDB42AE6}.Release|Any CPU.Build.0 = Release|Any CPU
		{B9A0CF58-3168-B04B-3DCA-E8DC52527E48}.Debug|Any CPU.ActiveCfg = Debug|Any CPU
		{B9A0CF58-3168-B04B-3DCA-E8DC52527E48}.Debug|Any CPU.Build.0 = Debug|Any CPU
		{B9A0CF58-3168-B04B-3DCA-E8DC52527E48}.Release|Any CPU.ActiveCfg = Release|Any CPU
		{B9A0CF58-3168-B04B-3DCA-E8DC52527E48}.Release|Any CPU.Build.0 = Release|Any CPU
		{740205CA-C9A8-C642-4460-A6814CEDE027}.Debug|Any CPU.ActiveCfg = Debug|Any CPU
		{740205CA-C9A8-C642-4460-A6814CEDE027}.Debug|Any CPU.Build.0 = Debug|Any CPU
		{740205CA-C9A8-C642-4460-A6814CEDE027}.Release|Any CPU.ActiveCfg = Release|Any CPU
		{740205CA-C9A8-C642-4460-A6814CEDE027}.Release|Any CPU.Build.0 = Release|Any CPU
		{E34A0B6B-AFDB-E57A-F2E6-D29BA103D619}.Debug|Any CPU.ActiveCfg = Debug|Any CPU
		{E34A0B6B-AFDB-E57A-F2E6-D29BA103D619}.Debug|Any CPU.Build.0 = Debug|Any CPU
		{E34A0B6B-AFDB-E57A-F2E6-D29BA103D619}.Release|Any CPU.ActiveCfg = Release|Any CPU
		{E34A0B6B-AFDB-E57A-F2E6-D29BA103D619}.Release|Any CPU.Build.0 = Release|Any CPU
		{F188D394-9DB7-E0D1-D857-4B644B198578}.Debug|Any CPU.ActiveCfg = Debug|Any CPU
		{F188D394-9DB7-E0D1-D857-4B644B198578}.Debug|Any CPU.Build.0 = Debug|Any CPU
		{F188D394-9DB7-E0D1-D857-4B644B198578}.Release|Any CPU.ActiveCfg = Release|Any CPU
		{F188D394-9DB7-E0D1-D857-4B644B198578}.Release|Any CPU.Build.0 = Release|Any CPU
		{1D7F07D9-1D6E-03D9-69A3-DD2ADFE1C83F}.Debug|Any CPU.ActiveCfg = Debug|Any CPU
		{1D7F07D9-1D6E-03D9-69A3-DD2ADFE1C83F}.Debug|Any CPU.Build.0 = Debug|Any CPU
		{1D7F07D9-1D6E-03D9-69A3-DD2ADFE1C83F}.Release|Any CPU.ActiveCfg = Release|Any CPU
		{1D7F07D9-1D6E-03D9-69A3-DD2ADFE1C83F}.Release|Any CPU.Build.0 = Release|Any CPU
		{812D8856-D106-9966-3F15-61AF318B9FDA}.Debug|Any CPU.ActiveCfg = Debug|Any CPU
		{812D8856-D106-9966-3F15-61AF318B9FDA}.Debug|Any CPU.Build.0 = Debug|Any CPU
		{812D8856-D106-9966-3F15-61AF318B9FDA}.Release|Any CPU.ActiveCfg = Release|Any CPU
		{812D8856-D106-9966-3F15-61AF318B9FDA}.Release|Any CPU.Build.0 = Release|Any CPU
		{88A7776D-FA0F-4FB8-DA89-5B7D79BD81DB}.Debug|Any CPU.ActiveCfg = Debug|Any CPU
		{88A7776D-FA0F-4FB8-DA89-5B7D79BD81DB}.Debug|Any CPU.Build.0 = Debug|Any CPU
		{88A7776D-FA0F-4FB8-DA89-5B7D79BD81DB}.Release|Any CPU.ActiveCfg = Release|Any CPU
		{88A7776D-FA0F-4FB8-DA89-5B7D79BD81DB}.Release|Any CPU.Build.0 = Release|Any CPU
		{060B8C90-CA68-76EF-19C4-F1C281FD020C}.Debug|Any CPU.ActiveCfg = Debug|Any CPU
		{060B8C90-CA68-76EF-19C4-F1C281FD020C}.Debug|Any CPU.Build.0 = Debug|Any CPU
		{060B8C90-CA68-76EF-19C4-F1C281FD020C}.Release|Any CPU.ActiveCfg = Release|Any CPU
		{060B8C90-CA68-76EF-19C4-F1C281FD020C}.Release|Any CPU.Build.0 = Release|Any CPU
		{F824FDA4-89E7-F0DA-74DD-6270B92B97B4}.Debug|Any CPU.ActiveCfg = Debug|Any CPU
		{F824FDA4-89E7-F0DA-74DD-6270B92B97B4}.Debug|Any CPU.Build.0 = Debug|Any CPU
		{F824FDA4-89E7-F0DA-74DD-6270B92B97B4}.Release|Any CPU.ActiveCfg = Release|Any CPU
		{F824FDA4-89E7-F0DA-74DD-6270B92B97B4}.Release|Any CPU.Build.0 = Release|Any CPU
		{273AF915-3D7A-42AA-291C-F164B614506B}.Debug|Any CPU.ActiveCfg = Debug|Any CPU
		{273AF915-3D7A-42AA-291C-F164B614506B}.Debug|Any CPU.Build.0 = Debug|Any CPU
		{273AF915-3D7A-42AA-291C-F164B614506B}.Release|Any CPU.ActiveCfg = Release|Any CPU
		{273AF915-3D7A-42AA-291C-F164B614506B}.Release|Any CPU.Build.0 = Release|Any CPU
		{6F51AE47-1D6A-6E66-8629-59A00603594B}.Debug|Any CPU.ActiveCfg = Debug|Any CPU
		{6F51AE47-1D6A-6E66-8629-59A00603594B}.Debug|Any CPU.Build.0 = Debug|Any CPU
		{6F51AE47-1D6A-6E66-8629-59A00603594B}.Release|Any CPU.ActiveCfg = Release|Any CPU
		{6F51AE47-1D6A-6E66-8629-59A00603594B}.Release|Any CPU.Build.0 = Release|Any CPU
		{213FEB07-1F7D-9B8E-A6C9-F4044C796836}.Debug|Any CPU.ActiveCfg = Debug|Any CPU
		{213FEB07-1F7D-9B8E-A6C9-F4044C796836}.Debug|Any CPU.Build.0 = Debug|Any CPU
		{213FEB07-1F7D-9B8E-A6C9-F4044C796836}.Release|Any CPU.ActiveCfg = Release|Any CPU
		{213FEB07-1F7D-9B8E-A6C9-F4044C796836}.Release|Any CPU.Build.0 = Release|Any CPU
		{6B2F609B-86F1-D03E-6B0E-D178EA0B748C}.Debug|Any CPU.ActiveCfg = Debug|Any CPU
		{6B2F609B-86F1-D03E-6B0E-D178EA0B748C}.Debug|Any CPU.Build.0 = Debug|Any CPU
		{6B2F609B-86F1-D03E-6B0E-D178EA0B748C}.Release|Any CPU.ActiveCfg = Release|Any CPU
		{6B2F609B-86F1-D03E-6B0E-D178EA0B748C}.Release|Any CPU.Build.0 = Release|Any CPU
		{C2E2D726-5573-992C-9517-DCE21DD1AA84}.Debug|Any CPU.ActiveCfg = Debug|Any CPU
		{C2E2D726-5573-992C-9517-DCE21DD1AA84}.Debug|Any CPU.Build.0 = Debug|Any CPU
		{C2E2D726-5573-992C-9517-DCE21DD1AA84}.Release|Any CPU.ActiveCfg = Release|Any CPU
		{C2E2D726-5573-992C-9517-DCE21DD1AA84}.Release|Any CPU.Build.0 = Release|Any CPU
		{013B9094-1467-A8AB-4231-458A31A00A17}.Debug|Any CPU.ActiveCfg = Debug|Any CPU
		{013B9094-1467-A8AB-4231-458A31A00A17}.Debug|Any CPU.Build.0 = Debug|Any CPU
		{013B9094-1467-A8AB-4231-458A31A00A17}.Release|Any CPU.ActiveCfg = Release|Any CPU
		{013B9094-1467-A8AB-4231-458A31A00A17}.Release|Any CPU.Build.0 = Release|Any CPU
		{F7400F89-FEFA-1272-A8CA-CF0BFDD2FD4A}.Debug|Any CPU.ActiveCfg = Debug|Any CPU
		{F7400F89-FEFA-1272-A8CA-CF0BFDD2FD4A}.Debug|Any CPU.Build.0 = Debug|Any CPU
		{F7400F89-FEFA-1272-A8CA-CF0BFDD2FD4A}.Release|Any CPU.ActiveCfg = Release|Any CPU
		{F7400F89-FEFA-1272-A8CA-CF0BFDD2FD4A}.Release|Any CPU.Build.0 = Release|Any CPU
		{7793FFFB-B104-E503-A132-50775F7C9981}.Debug|Any CPU.ActiveCfg = Debug|Any CPU
		{7793FFFB-B104-E503-A132-50775F7C9981}.Debug|Any CPU.Build.0 = Debug|Any CPU
		{7793FFFB-B104-E503-A132-50775F7C9981}.Release|Any CPU.ActiveCfg = Release|Any CPU
		{7793FFFB-B104-E503-A132-50775F7C9981}.Release|Any CPU.Build.0 = Release|Any CPU
		{EEDDA70D-720F-79C7-795B-B02F941C108C}.Debug|Any CPU.ActiveCfg = Debug|Any CPU
		{EEDDA70D-720F-79C7-795B-B02F941C108C}.Debug|Any CPU.Build.0 = Debug|Any CPU
		{EEDDA70D-720F-79C7-795B-B02F941C108C}.Release|Any CPU.ActiveCfg = Release|Any CPU
		{EEDDA70D-720F-79C7-795B-B02F941C108C}.Release|Any CPU.Build.0 = Release|Any CPU
		{878D9E89-2F1D-2F31-D431-4EDF5C13DAA1}.Debug|Any CPU.ActiveCfg = Debug|Any CPU
		{878D9E89-2F1D-2F31-D431-4EDF5C13DAA1}.Debug|Any CPU.Build.0 = Debug|Any CPU
		{878D9E89-2F1D-2F31-D431-4EDF5C13DAA1}.Release|Any CPU.ActiveCfg = Release|Any CPU
		{878D9E89-2F1D-2F31-D431-4EDF5C13DAA1}.Release|Any CPU.Build.0 = Release|Any CPU
		{DC969F6B-DBF0-5639-10FD-DA3AC98ECA6E}.Debug|Any CPU.ActiveCfg = Debug|Any CPU
		{DC969F6B-DBF0-5639-10FD-DA3AC98ECA6E}.Debug|Any CPU.Build.0 = Debug|Any CPU
		{DC969F6B-DBF0-5639-10FD-DA3AC98ECA6E}.Release|Any CPU.ActiveCfg = Release|Any CPU
		{DC969F6B-DBF0-5639-10FD-DA3AC98ECA6E}.Release|Any CPU.Build.0 = Release|Any CPU
		{724CC013-153C-223B-205C-852977A9BD37}.Debug|Any CPU.ActiveCfg = Debug|Any CPU
		{724CC013-153C-223B-205C-852977A9BD37}.Debug|Any CPU.Build.0 = Debug|Any CPU
		{724CC013-153C-223B-205C-852977A9BD37}.Release|Any CPU.ActiveCfg = Release|Any CPU
		{724CC013-153C-223B-205C-852977A9BD37}.Release|Any CPU.Build.0 = Release|Any CPU
		{A5EC1BE3-AFEE-D923-C901-53484BB6A04A}.Debug|Any CPU.ActiveCfg = Debug|Any CPU
		{A5EC1BE3-AFEE-D923-C901-53484BB6A04A}.Debug|Any CPU.Build.0 = Debug|Any CPU
		{A5EC1BE3-AFEE-D923-C901-53484BB6A04A}.Release|Any CPU.ActiveCfg = Release|Any CPU
		{A5EC1BE3-AFEE-D923-C901-53484BB6A04A}.Release|Any CPU.Build.0 = Release|Any CPU
		{EB364738-DA62-B0F5-8E71-8EBF9F51A5C0}.Debug|Any CPU.ActiveCfg = Debug|Any CPU
		{EB364738-DA62-B0F5-8E71-8EBF9F51A5C0}.Debug|Any CPU.Build.0 = Debug|Any CPU
		{EB364738-DA62-B0F5-8E71-8EBF9F51A5C0}.Release|Any CPU.ActiveCfg = Release|Any CPU
		{EB364738-DA62-B0F5-8E71-8EBF9F51A5C0}.Release|Any CPU.Build.0 = Release|Any CPU
		{4F6522D1-24B4-17A9-9539-F7A65CDD4E67}.Debug|Any CPU.ActiveCfg = Debug|Any CPU
		{4F6522D1-24B4-17A9-9539-F7A65CDD4E67}.Debug|Any CPU.Build.0 = Debug|Any CPU
		{4F6522D1-24B4-17A9-9539-F7A65CDD4E67}.Release|Any CPU.ActiveCfg = Release|Any CPU
		{4F6522D1-24B4-17A9-9539-F7A65CDD4E67}.Release|Any CPU.Build.0 = Release|Any CPU
		{A17E3C24-E7FF-54CB-F91A-D4B475FAB25C}.Debug|Any CPU.ActiveCfg = Debug|Any CPU
		{A17E3C24-E7FF-54CB-F91A-D4B475FAB25C}.Debug|Any CPU.Build.0 = Debug|Any CPU
		{A17E3C24-E7FF-54CB-F91A-D4B475FAB25C}.Release|Any CPU.ActiveCfg = Release|Any CPU
		{A17E3C24-E7FF-54CB-F91A-D4B475FAB25C}.Release|Any CPU.Build.0 = Release|Any CPU
		{8EF26504-77CF-3220-D337-20CA3180E8C3}.Debug|Any CPU.ActiveCfg = Debug|Any CPU
		{8EF26504-77CF-3220-D337-20CA3180E8C3}.Debug|Any CPU.Build.0 = Debug|Any CPU
		{8EF26504-77CF-3220-D337-20CA3180E8C3}.Release|Any CPU.ActiveCfg = Release|Any CPU
		{8EF26504-77CF-3220-D337-20CA3180E8C3}.Release|Any CPU.Build.0 = Release|Any CPU
		{4A63D256-1FF3-EE4B-CED9-B0F77764FE0D}.Debug|Any CPU.ActiveCfg = Debug|Any CPU
		{4A63D256-1FF3-EE4B-CED9-B0F77764FE0D}.Debug|Any CPU.Build.0 = Debug|Any CPU
		{4A63D256-1FF3-EE4B-CED9-B0F77764FE0D}.Release|Any CPU.ActiveCfg = Release|Any CPU
		{4A63D256-1FF3-EE4B-CED9-B0F77764FE0D}.Release|Any CPU.Build.0 = Release|Any CPU
		{5D739D39-ED6A-A7C4-9E30-6F1788944A84}.Debug|Any CPU.ActiveCfg = Debug|Any CPU
		{5D739D39-ED6A-A7C4-9E30-6F1788944A84}.Debug|Any CPU.Build.0 = Debug|Any CPU
		{5D739D39-ED6A-A7C4-9E30-6F1788944A84}.Release|Any CPU.ActiveCfg = Release|Any CPU
		{5D739D39-ED6A-A7C4-9E30-6F1788944A84}.Release|Any CPU.Build.0 = Release|Any CPU
		{FC36BA86-91FD-0540-3BF0-C4DCA7594E85}.Debug|Any CPU.ActiveCfg = Debug|Any CPU
		{FC36BA86-91FD-0540-3BF0-C4DCA7594E85}.Debug|Any CPU.Build.0 = Debug|Any CPU
		{FC36BA86-91FD-0540-3BF0-C4DCA7594E85}.Release|Any CPU.ActiveCfg = Release|Any CPU
		{FC36BA86-91FD-0540-3BF0-C4DCA7594E85}.Release|Any CPU.Build.0 = Release|Any CPU
		{828CD255-CDAA-49FE-EA13-A5079158BB99}.Debug|Any CPU.ActiveCfg = Debug|Any CPU
		{828CD255-CDAA-49FE-EA13-A5079158BB99}.Debug|Any CPU.Build.0 = Debug|Any CPU
		{828CD255-CDAA-49FE-EA13-A5079158BB99}.Release|Any CPU.ActiveCfg = Release|Any CPU
		{828CD255-CDAA-49FE-EA13-A5079158BB99}.Release|Any CPU.Build.0 = Release|Any CPU
		{C9429772-856A-6AD9-FC90-CE290BAE3891}.Debug|Any CPU.ActiveCfg = Debug|Any CPU
		{C9429772-856A-6AD9-FC90-CE290BAE3891}.Debug|Any CPU.Build.0 = Debug|Any CPU
		{C9429772-856A-6AD9-FC90-CE290BAE3891}.Release|Any CPU.ActiveCfg = Release|Any CPU
		{C9429772-856A-6AD9-FC90-CE290BAE3891}.Release|Any CPU.Build.0 = Release|Any CPU
		{81834CC8-95D4-0ED9-7255-C15046B35365}.Debug|Any CPU.ActiveCfg = Debug|Any CPU
		{81834CC8-95D4-0ED9-7255-C15046B35365}.Debug|Any CPU.Build.0 = Debug|Any CPU
		{81834CC8-95D4-0ED9-7255-C15046B35365}.Release|Any CPU.ActiveCfg = Release|Any CPU
		{81834CC8-95D4-0ED9-7255-C15046B35365}.Release|Any CPU.Build.0 = Release|Any CPU
		{6A1B281D-9952-31FD-4DA4-D5D01CD0DA09}.Debug|Any CPU.ActiveCfg = Debug|Any CPU
		{6A1B281D-9952-31FD-4DA4-D5D01CD0DA09}.Debug|Any CPU.Build.0 = Debug|Any CPU
		{6A1B281D-9952-31FD-4DA4-D5D01CD0DA09}.Release|Any CPU.ActiveCfg = Release|Any CPU
		{6A1B281D-9952-31FD-4DA4-D5D01CD0DA09}.Release|Any CPU.Build.0 = Release|Any CPU
		{04B59757-6B1B-AC30-0C4F-EDCB90D61FE5}.Debug|Any CPU.ActiveCfg = Debug|Any CPU
		{04B59757-6B1B-AC30-0C4F-EDCB90D61FE5}.Debug|Any CPU.Build.0 = Debug|Any CPU
		{04B59757-6B1B-AC30-0C4F-EDCB90D61FE5}.Release|Any CPU.ActiveCfg = Release|Any CPU
		{04B59757-6B1B-AC30-0C4F-EDCB90D61FE5}.Release|Any CPU.Build.0 = Release|Any CPU
	EndGlobalSection
	GlobalSection(SolutionProperties) = preSolution
		HideSolutionNode = FALSE
	EndGlobalSection
EndGlobal
