
Microsoft Visual Studio Solution File, Format Version 12.00
# Visual Studio 15
Project("{FAE04EC0-301F-11D3-BF4B-00C04F79EFBC}") = "UnityEngine.TestRunner", "UnityEngine.TestRunner.csproj", "{69450B8D-C0DB-2882-00C3-EF6BA7F35673}"
EndProject
Project("{FAE04EC0-301F-11D3-BF4B-00C04F79EFBC}") = "Unity.Mathematics", "Unity.Mathematics.csproj", "{F6D17DB1-4947-EB6C-000F-ED10C26E24EF}"
EndProject
Project("{FAE04EC0-301F-11D3-BF4B-00C04F79EFBC}") = "Unity.2D.Animation.Triangle.Runtime", "Unity.2D.Animation.Triangle.Runtime.csproj", "{95AD3525-ECD8-6DD8-FEEF-0A63533BF12B}"
EndProject
Project("{FAE04EC0-301F-11D3-BF4B-00C04F79EFBC}") = "Unity.Timeline", "Unity.Timeline.csproj", "{F52F1715-AEF9-FBB2-B873-E17337D0D668}"
EndProject
Project("{FAE04EC0-301F-11D3-BF4B-00C04F79EFBC}") = "UnityEngine.UI", "UnityEngine.UI.csproj", "{AAE8EDD2-11F9-4D66-023B-2C7F77F4BEB4}"
EndProject
Project("{FAE04EC0-301F-11D3-BF4B-00C04F79EFBC}") = "Unity.TextMeshPro", "Unity.TextMeshPro.csproj", "{7A40C07A-86CA-1964-ACEF-2D05FE724FCD}"
EndProject
Project("{FAE04EC0-301F-11D3-BF4B-00C04F79EFBC}") = "Unity.2D.Animation.Runtime", "Unity.2D.Animation.Runtime.csproj", "{6668F007-9B9C-36F4-CEEC-BF9031FF7AD3}"
EndProject
Project("{FAE04EC0-301F-11D3-BF4B-00C04F79EFBC}") = "Unity.2D.IK.Runtime", "Unity.2D.IK.Runtime.csproj", "{EAC5CB3C-13E1-F00C-A7C1-87C6EB1B544C}"
EndProject
Project("{FAE04EC0-301F-11D3-BF4B-00C04F79EFBC}") = "Unity.2D.SpriteShape.Runtime", "Unity.2D.SpriteShape.Runtime.csproj", "{1CDCC651-82DD-4B75-57A2-71327655B14C}"
EndProject
Project("{FAE04EC0-301F-11D3-BF4B-00C04F79EFBC}") = "Unity.2D.PixelPerfect", "Unity.2D.PixelPerfect.csproj", "{A94227E7-79A4-50F4-4124-3BB786A2CB92}"
EndProject
Project("{FAE04EC0-301F-11D3-BF4B-00C04F79EFBC}") = "Unity.2D.Common.Runtime", "Unity.2D.Common.Runtime.csproj", "{D1FA3C11-D20E-5468-0ABF-EC87A6327C26}"
EndProject
Project("{FAE04EC0-301F-11D3-BF4B-00C04F79EFBC}") = "Unity.InternalAPIEngineBridge.001", "Unity.InternalAPIEngineBridge.001.csproj", "{B2227EBE-038F-9F63-A625-124DFEB19A97}"
EndProject
Project("{FAE04EC0-301F-11D3-BF4B-00C04F79EFBC}") = "Assembly-CSharp", "Assembly-CSharp.csproj", "{A30EE08E-1CC7-CF41-5E91-876E61BC80BF}"
EndProject
Project("{FAE04EC0-301F-11D3-BF4B-00C04F79EFBC}") = "Cinemachine", "Cinemachine.csproj", "{5B5BE0F9-937C-AFBB-163F-6A2B8F51FB86}"
EndProject
Project("{FAE04EC0-301F-11D3-BF4B-00C04F79EFBC}") = "UnityEditor.TestRunner", "UnityEditor.TestRunner.csproj", "{4DB1F9BB-EDA2-A57E-6B23-6010C2A05209}"
EndProject
Project("{FAE04EC0-301F-11D3-BF4B-00C04F79EFBC}") = "UnityEditor.UI", "UnityEditor.UI.csproj", "{63F5D523-0CE2-C856-D24D-83D70F344D5E}"
EndProject
Project("{FAE04EC0-301F-11D3-BF4B-00C04F79EFBC}") = "Unity.Timeline.Editor", "Unity.Timeline.Editor.csproj", "{2BE3783D-8368-7704-42BA-7E6E3C249E8A}"
EndProject
Project("{FAE04EC0-301F-11D3-BF4B-00C04F79EFBC}") = "Unity.VisualStudio.Editor", "Unity.VisualStudio.Editor.csproj", "{D50A65C1-6AFA-CCB1-567E-875D62B76169}"
EndProject
Project("{FAE04EC0-301F-11D3-BF4B-00C04F79EFBC}") = "Unity.2D.Psdimporter.Editor", "Unity.2D.Psdimporter.Editor.csproj", "{EEFE7AB6-48D9-0D02-4B50-FB5A16D9B9AA}"
EndProject
Project("{FAE04EC0-301F-11D3-BF4B-00C04F79EFBC}") = "Unity.2D.Animation.Editor", "Unity.2D.Animation.Editor.csproj", "{E0D71E6B-D86D-6500-EB2D-6494DC7D607C}"
EndProject
Project("{FAE04EC0-301F-11D3-BF4B-00C04F79EFBC}") = "Unity.TextMeshPro.Editor", "Unity.TextMeshPro.Editor.csproj", "{E3BBDD56-A0FD-8649-080B-A27A19A304EB}"
EndProject
Project("{FAE04EC0-301F-11D3-BF4B-00C04F79EFBC}") = "Unity.2D.SpriteShape.Editor", "Unity.2D.SpriteShape.Editor.csproj", "{56B5DF62-2E9F-DFAD-D811-362A7CF8064C}"
EndProject
Project("{FAE04EC0-301F-11D3-BF4B-00C04F79EFBC}") = "Unity.CollabProxy.Editor", "Unity.CollabProxy.Editor.csproj", "{7358EF5A-E265-E19F-CB5D-64F486690D03}"
EndProject
Project("{FAE04EC0-301F-11D3-BF4B-00C04F79EFBC}") = "PsdPlugin", "PsdPlugin.csproj", "{1808090E-6CAA-8B8D-5B50-025DB254F9F4}"
EndProject
Project("{FAE04EC0-301F-11D3-BF4B-00C04F79EFBC}") = "Unity.2D.Path.Editor", "Unity.2D.Path.Editor.csproj", "{C0BDBA08-E471-5D84-A0AA-351E7D3CBA1D}"
EndProject
Project("{FAE04EC0-301F-11D3-BF4B-00C04F79EFBC}") = "Unity.Rider.Editor", "Unity.Rider.Editor.csproj", "{A1F5023F-A0E5-EF75-1139-1E8FE11C856F}"
EndProject
Project("{FAE04EC0-301F-11D3-BF4B-00C04F79EFBC}") = "Unity.2D.IK.Editor", "Unity.2D.IK.Editor.csproj", "{2B90787D-7FCD-3DCD-113A-42129DD0B069}"
EndProject
Project("{FAE04EC0-301F-11D3-BF4B-00C04F79EFBC}") = "Unity.2D.Sprite.Editor", "Unity.2D.Sprite.Editor.csproj", "{6664FCD3-11A8-87D1-F825-9DC3F21BAD1E}"
EndProject
Project("{FAE04EC0-301F-11D3-BF4B-00C04F79EFBC}") = "Unity.2D.Tilemap.Editor", "Unity.2D.Tilemap.Editor.csproj", "{FAF3550D-9063-83A9-5DE8-5315D5A3253C}"
EndProject
Project("{FAE04EC0-301F-11D3-BF4B-00C04F79EFBC}") = "Unity.2D.PixelPerfect.Editor", "Unity.2D.PixelPerfect.Editor.csproj", "{F8BE0925-C72E-7B8E-6F53-51A89A5561BE}"
EndProject
Project("{FAE04EC0-301F-11D3-BF4B-00C04F79EFBC}") = "Unity.VSCode.Editor", "Unity.VSCode.Editor.csproj", "{C9ED6A58-B6DF-954F-FF2D-4054B566540B}"
EndProject
Project("{FAE04EC0-301F-11D3-BF4B-00C04F79EFBC}") = "Unity.2D.Common.Editor", "Unity.2D.Common.Editor.csproj", "{2F2440B9-1837-C2FE-ECC4-BA17C88B421C}"
EndProject
Project("{FAE04EC0-301F-11D3-BF4B-00C04F79EFBC}") = "Unity.Mathematics.Editor", "Unity.Mathematics.Editor.csproj", "{7A620640-7A00-1DF1-A296-2897676954B8}"
EndProject
Project("{FAE04EC0-301F-11D3-BF4B-00C04F79EFBC}") = "Unity.InternalAPIEditorBridge.001", "Unity.InternalAPIEditorBridge.001.csproj", "{C716E93F-CBE8-7452-D0D1-2749B1D9E075}"
EndProject
Project("{FAE04EC0-301F-11D3-BF4B-00C04F79EFBC}") = "com.unity.cinemachine.editor", "com.unity.cinemachine.editor.csproj", "{B05DD17C-BAEE-57B9-676E-F6FF0CA203F1}"
EndProject
Project("{FAE04EC0-301F-11D3-BF4B-00C04F79EFBC}") = "UnityEngine.TestRunner", "UnityEngine.TestRunner.Player.csproj", "{E4A3E901-2E03-31C4-2799-F949102E87C4}"
EndProject
Project("{FAE04EC0-301F-11D3-BF4B-00C04F79EFBC}") = "Unity.Mathematics", "Unity.Mathematics.Player.csproj", "{EC99BE26-32A3-8E52-FA67-EEA2489C3CF7}"
EndProject
Project("{FAE04EC0-301F-11D3-BF4B-00C04F79EFBC}") = "Unity.2D.Animation.Triangle.Runtime", "Unity.2D.Animation.Triangle.Runtime.Player.csproj", "{74668C30-E897-1379-E63D-D07194D084DF}"
EndProject
Project("{FAE04EC0-301F-11D3-BF4B-00C04F79EFBC}") = "Unity.Timeline", "Unity.Timeline.Player.csproj", "{733BBB13-F7E9-9618-4134-EAABD8C2D508}"
EndProject
Project("{FAE04EC0-301F-11D3-BF4B-00C04F79EFBC}") = "UnityEngine.UI", "UnityEngine.UI.Player.csproj", "{AD505663-D3C2-04C3-4EE1-8C20E55F510C}"
EndProject
Project("{FAE04EC0-301F-11D3-BF4B-00C04F79EFBC}") = "Unity.TextMeshPro", "Unity.TextMeshPro.Player.csproj", "{DDAE5A08-9303-E006-E1EB-AA1C56E5C031}"
EndProject
Project("{FAE04EC0-301F-11D3-BF4B-00C04F79EFBC}") = "Unity.2D.Animation.Runtime", "Unity.2D.Animation.Runtime.Player.csproj", "{1984B830-C66C-FAF1-326A-5E2E4CAC7173}"
EndProject
Project("{FAE04EC0-301F-11D3-BF4B-00C04F79EFBC}") = "Unity.2D.IK.Runtime", "Unity.2D.IK.Runtime.Player.csproj", "{EC45ED32-4E28-C05F-69B5-57D6B90DCAF9}"
EndProject
Project("{FAE04EC0-301F-11D3-BF4B-00C04F79EFBC}") = "Unity.2D.SpriteShape.Runtime", "Unity.2D.SpriteShape.Runtime.Player.csproj", "{42F6A335-3ECC-45D2-2184-E3162F031E03}"
EndProject
Project("{FAE04EC0-301F-11D3-BF4B-00C04F79EFBC}") = "Unity.2D.PixelPerfect", "Unity.2D.PixelPerfect.Player.csproj", "{2300E30F-3BD2-CED1-378F-066883C7D191}"
EndProject
Project("{FAE04EC0-301F-11D3-BF4B-00C04F79EFBC}") = "Unity.2D.Common.Runtime", "Unity.2D.Common.Runtime.Player.csproj", "{B0BB28C4-1ED1-6ED9-0557-EECC6BF0DCE4}"
EndProject
Project("{FAE04EC0-301F-11D3-BF4B-00C04F79EFBC}") = "Unity.InternalAPIEngineBridge.001", "Unity.InternalAPIEngineBridge.001.Player.csproj", "{4D931A40-B9EE-2347-C5A6-30682A3921F9}"
EndProject
Project("{FAE04EC0-301F-11D3-BF4B-00C04F79EFBC}") = "Assembly-CSharp", "Assembly-CSharp.Player.csproj", "{9EDEA0EF-9A4D-1CD6-EBAA-E38FD35CD219}"
EndProject
Project("{FAE04EC0-301F-11D3-BF4B-00C04F79EFBC}") = "Cinemachine", "Cinemachine.Player.csproj", "{10F65432-B609-B787-A905-882B0D5752C3}"
EndProject
Global
	GlobalSection(SolutionConfigurationPlatforms) = preSolution
		Debug|Any CPU = Debug|Any CPU
		Release|Any CPU = Release|Any CPU
	EndGlobalSection
	GlobalSection(ProjectConfigurationPlatforms) = postSolution
		{69450B8D-C0DB-2882-00C3-EF6BA7F35673}.Debug|Any CPU.ActiveCfg = Debug|Any CPU
		{69450B8D-C0DB-2882-00C3-EF6BA7F35673}.Debug|Any CPU.Build.0 = Debug|Any CPU
		{69450B8D-C0DB-2882-00C3-EF6BA7F35673}.Release|Any CPU.ActiveCfg = Release|Any CPU
		{69450B8D-C0DB-2882-00C3-EF6BA7F35673}.Release|Any CPU.Build.0 = Release|Any CPU
		{F6D17DB1-4947-EB6C-000F-ED10C26E24EF}.Debug|Any CPU.ActiveCfg = Debug|Any CPU
		{F6D17DB1-4947-EB6C-000F-ED10C26E24EF}.Debug|Any CPU.Build.0 = Debug|Any CPU
		{F6D17DB1-4947-EB6C-000F-ED10C26E24EF}.Release|Any CPU.ActiveCfg = Release|Any CPU
		{F6D17DB1-4947-EB6C-000F-ED10C26E24EF}.Release|Any CPU.Build.0 = Release|Any CPU
		{95AD3525-ECD8-6DD8-FEEF-0A63533BF12B}.Debug|Any CPU.ActiveCfg = Debug|Any CPU
		{95AD3525-ECD8-6DD8-FEEF-0A63533BF12B}.Debug|Any CPU.Build.0 = Debug|Any CPU
		{95AD3525-ECD8-6DD8-FEEF-0A63533BF12B}.Release|Any CPU.ActiveCfg = Release|Any CPU
		{95AD3525-ECD8-6DD8-FEEF-0A63533BF12B}.Release|Any CPU.Build.0 = Release|Any CPU
		{F52F1715-AEF9-FBB2-B873-E17337D0D668}.Debug|Any CPU.ActiveCfg = Debug|Any CPU
		{F52F1715-AEF9-FBB2-B873-E17337D0D668}.Debug|Any CPU.Build.0 = Debug|Any CPU
		{F52F1715-AEF9-FBB2-B873-E17337D0D668}.Release|Any CPU.ActiveCfg = Release|Any CPU
		{F52F1715-AEF9-FBB2-B873-E17337D0D668}.Release|Any CPU.Build.0 = Release|Any CPU
		{AAE8EDD2-11F9-4D66-023B-2C7F77F4BEB4}.Debug|Any CPU.ActiveCfg = Debug|Any CPU
		{AAE8EDD2-11F9-4D66-023B-2C7F77F4BEB4}.Debug|Any CPU.Build.0 = Debug|Any CPU
		{AAE8EDD2-11F9-4D66-023B-2C7F77F4BEB4}.Release|Any CPU.ActiveCfg = Release|Any CPU
		{AAE8EDD2-11F9-4D66-023B-2C7F77F4BEB4}.Release|Any CPU.Build.0 = Release|Any CPU
		{7A40C07A-86CA-1964-ACEF-2D05FE724FCD}.Debug|Any CPU.ActiveCfg = Debug|Any CPU
		{7A40C07A-86CA-1964-ACEF-2D05FE724FCD}.Debug|Any CPU.Build.0 = Debug|Any CPU
		{7A40C07A-86CA-1964-ACEF-2D05FE724FCD}.Release|Any CPU.ActiveCfg = Release|Any CPU
		{7A40C07A-86CA-1964-ACEF-2D05FE724FCD}.Release|Any CPU.Build.0 = Release|Any CPU
		{6668F007-9B9C-36F4-CEEC-BF9031FF7AD3}.Debug|Any CPU.ActiveCfg = Debug|Any CPU
		{6668F007-9B9C-36F4-CEEC-BF9031FF7AD3}.Debug|Any CPU.Build.0 = Debug|Any CPU
		{6668F007-9B9C-36F4-CEEC-BF9031FF7AD3}.Release|Any CPU.ActiveCfg = Release|Any CPU
		{6668F007-9B9C-36F4-CEEC-BF9031FF7AD3}.Release|Any CPU.Build.0 = Release|Any CPU
		{EAC5CB3C-13E1-F00C-A7C1-87C6EB1B544C}.Debug|Any CPU.ActiveCfg = Debug|Any CPU
		{EAC5CB3C-13E1-F00C-A7C1-87C6EB1B544C}.Debug|Any CPU.Build.0 = Debug|Any CPU
		{EAC5CB3C-13E1-F00C-A7C1-87C6EB1B544C}.Release|Any CPU.ActiveCfg = Release|Any CPU
		{EAC5CB3C-13E1-F00C-A7C1-87C6EB1B544C}.Release|Any CPU.Build.0 = Release|Any CPU
		{1CDCC651-82DD-4B75-57A2-71327655B14C}.Debug|Any CPU.ActiveCfg = Debug|Any CPU
		{1CDCC651-82DD-4B75-57A2-71327655B14C}.Debug|Any CPU.Build.0 = Debug|Any CPU
		{1CDCC651-82DD-4B75-57A2-71327655B14C}.Release|Any CPU.ActiveCfg = Release|Any CPU
		{1CDCC651-82DD-4B75-57A2-71327655B14C}.Release|Any CPU.Build.0 = Release|Any CPU
		{A94227E7-79A4-50F4-4124-3BB786A2CB92}.Debug|Any CPU.ActiveCfg = Debug|Any CPU
		{A94227E7-79A4-50F4-4124-3BB786A2CB92}.Debug|Any CPU.Build.0 = Debug|Any CPU
		{A94227E7-79A4-50F4-4124-3BB786A2CB92}.Release|Any CPU.ActiveCfg = Release|Any CPU
		{A94227E7-79A4-50F4-4124-3BB786A2CB92}.Release|Any CPU.Build.0 = Release|Any CPU
		{D1FA3C11-D20E-5468-0ABF-EC87A6327C26}.Debug|Any CPU.ActiveCfg = Debug|Any CPU
		{D1FA3C11-D20E-5468-0ABF-EC87A6327C26}.Debug|Any CPU.Build.0 = Debug|Any CPU
		{D1FA3C11-D20E-5468-0ABF-EC87A6327C26}.Release|Any CPU.ActiveCfg = Release|Any CPU
		{D1FA3C11-D20E-5468-0ABF-EC87A6327C26}.Release|Any CPU.Build.0 = Release|Any CPU
		{B2227EBE-038F-9F63-A625-124DFEB19A97}.Debug|Any CPU.ActiveCfg = Debug|Any CPU
		{B2227EBE-038F-9F63-A625-124DFEB19A97}.Debug|Any CPU.Build.0 = Debug|Any CPU
		{B2227EBE-038F-9F63-A625-124DFEB19A97}.Release|Any CPU.ActiveCfg = Release|Any CPU
		{B2227EBE-038F-9F63-A625-124DFEB19A97}.Release|Any CPU.Build.0 = Release|Any CPU
		{A30EE08E-1CC7-CF41-5E91-876E61BC80BF}.Debug|Any CPU.ActiveCfg = Debug|Any CPU
		{A30EE08E-1CC7-CF41-5E91-876E61BC80BF}.Debug|Any CPU.Build.0 = Debug|Any CPU
		{A30EE08E-1CC7-CF41-5E91-876E61BC80BF}.Release|Any CPU.ActiveCfg = Release|Any CPU
		{A30EE08E-1CC7-CF41-5E91-876E61BC80BF}.Release|Any CPU.Build.0 = Release|Any CPU
		{5B5BE0F9-937C-AFBB-163F-6A2B8F51FB86}.Debug|Any CPU.ActiveCfg = Debug|Any CPU
		{5B5BE0F9-937C-AFBB-163F-6A2B8F51FB86}.Debug|Any CPU.Build.0 = Debug|Any CPU
		{5B5BE0F9-937C-AFBB-163F-6A2B8F51FB86}.Release|Any CPU.ActiveCfg = Release|Any CPU
		{5B5BE0F9-937C-AFBB-163F-6A2B8F51FB86}.Release|Any CPU.Build.0 = Release|Any CPU
		{4DB1F9BB-EDA2-A57E-6B23-6010C2A05209}.Debug|Any CPU.ActiveCfg = Debug|Any CPU
		{4DB1F9BB-EDA2-A57E-6B23-6010C2A05209}.Debug|Any CPU.Build.0 = Debug|Any CPU
		{4DB1F9BB-EDA2-A57E-6B23-6010C2A05209}.Release|Any CPU.ActiveCfg = Release|Any CPU
		{4DB1F9BB-EDA2-A57E-6B23-6010C2A05209}.Release|Any CPU.Build.0 = Release|Any CPU
		{63F5D523-0CE2-C856-D24D-83D70F344D5E}.Debug|Any CPU.ActiveCfg = Debug|Any CPU
		{63F5D523-0CE2-C856-D24D-83D70F344D5E}.Debug|Any CPU.Build.0 = Debug|Any CPU
		{63F5D523-0CE2-C856-D24D-83D70F344D5E}.Release|Any CPU.ActiveCfg = Release|Any CPU
		{63F5D523-0CE2-C856-D24D-83D70F344D5E}.Release|Any CPU.Build.0 = Release|Any CPU
		{2BE3783D-8368-7704-42BA-7E6E3C249E8A}.Debug|Any CPU.ActiveCfg = Debug|Any CPU
		{2BE3783D-8368-7704-42BA-7E6E3C249E8A}.Debug|Any CPU.Build.0 = Debug|Any CPU
		{2BE3783D-8368-7704-42BA-7E6E3C249E8A}.Release|Any CPU.ActiveCfg = Release|Any CPU
		{2BE3783D-8368-7704-42BA-7E6E3C249E8A}.Release|Any CPU.Build.0 = Release|Any CPU
		{D50A65C1-6AFA-CCB1-567E-875D62B76169}.Debug|Any CPU.ActiveCfg = Debug|Any CPU
		{D50A65C1-6AFA-CCB1-567E-875D62B76169}.Debug|Any CPU.Build.0 = Debug|Any CPU
		{D50A65C1-6AFA-CCB1-567E-875D62B76169}.Release|Any CPU.ActiveCfg = Release|Any CPU
		{D50A65C1-6AFA-CCB1-567E-875D62B76169}.Release|Any CPU.Build.0 = Release|Any CPU
		{EEFE7AB6-48D9-0D02-4B50-FB5A16D9B9AA}.Debug|Any CPU.ActiveCfg = Debug|Any CPU
		{EEFE7AB6-48D9-0D02-4B50-FB5A16D9B9AA}.Debug|Any CPU.Build.0 = Debug|Any CPU
		{EEFE7AB6-48D9-0D02-4B50-FB5A16D9B9AA}.Release|Any CPU.ActiveCfg = Release|Any CPU
		{EEFE7AB6-48D9-0D02-4B50-FB5A16D9B9AA}.Release|Any CPU.Build.0 = Release|Any CPU
		{E0D71E6B-D86D-6500-EB2D-6494DC7D607C}.Debug|Any CPU.ActiveCfg = Debug|Any CPU
		{E0D71E6B-D86D-6500-EB2D-6494DC7D607C}.Debug|Any CPU.Build.0 = Debug|Any CPU
		{E0D71E6B-D86D-6500-EB2D-6494DC7D607C}.Release|Any CPU.ActiveCfg = Release|Any CPU
		{E0D71E6B-D86D-6500-EB2D-6494DC7D607C}.Release|Any CPU.Build.0 = Release|Any CPU
		{E3BBDD56-A0FD-8649-080B-A27A19A304EB}.Debug|Any CPU.ActiveCfg = Debug|Any CPU
		{E3BBDD56-A0FD-8649-080B-A27A19A304EB}.Debug|Any CPU.Build.0 = Debug|Any CPU
		{E3BBDD56-A0FD-8649-080B-A27A19A304EB}.Release|Any CPU.ActiveCfg = Release|Any CPU
		{E3BBDD56-A0FD-8649-080B-A27A19A304EB}.Release|Any CPU.Build.0 = Release|Any CPU
		{56B5DF62-2E9F-DFAD-D811-362A7CF8064C}.Debug|Any CPU.ActiveCfg = Debug|Any CPU
		{56B5DF62-2E9F-DFAD-D811-362A7CF8064C}.Debug|Any CPU.Build.0 = Debug|Any CPU
		{56B5DF62-2E9F-DFAD-D811-362A7CF8064C}.Release|Any CPU.ActiveCfg = Release|Any CPU
		{56B5DF62-2E9F-DFAD-D811-362A7CF8064C}.Release|Any CPU.Build.0 = Release|Any CPU
		{7358EF5A-E265-E19F-CB5D-64F486690D03}.Debug|Any CPU.ActiveCfg = Debug|Any CPU
		{7358EF5A-E265-E19F-CB5D-64F486690D03}.Debug|Any CPU.Build.0 = Debug|Any CPU
		{7358EF5A-E265-E19F-CB5D-64F486690D03}.Release|Any CPU.ActiveCfg = Release|Any CPU
		{7358EF5A-E265-E19F-CB5D-64F486690D03}.Release|Any CPU.Build.0 = Release|Any CPU
		{1808090E-6CAA-8B8D-5B50-025DB254F9F4}.Debug|Any CPU.ActiveCfg = Debug|Any CPU
		{1808090E-6CAA-8B8D-5B50-025DB254F9F4}.Debug|Any CPU.Build.0 = Debug|Any CPU
		{1808090E-6CAA-8B8D-5B50-025DB254F9F4}.Release|Any CPU.ActiveCfg = Release|Any CPU
		{1808090E-6CAA-8B8D-5B50-025DB254F9F4}.Release|Any CPU.Build.0 = Release|Any CPU
		{C0BDBA08-E471-5D84-A0AA-351E7D3CBA1D}.Debug|Any CPU.ActiveCfg = Debug|Any CPU
		{C0BDBA08-E471-5D84-A0AA-351E7D3CBA1D}.Debug|Any CPU.Build.0 = Debug|Any CPU
		{C0BDBA08-E471-5D84-A0AA-351E7D3CBA1D}.Release|Any CPU.ActiveCfg = Release|Any CPU
		{C0BDBA08-E471-5D84-A0AA-351E7D3CBA1D}.Release|Any CPU.Build.0 = Release|Any CPU
		{A1F5023F-A0E5-EF75-1139-1E8FE11C856F}.Debug|Any CPU.ActiveCfg = Debug|Any CPU
		{A1F5023F-A0E5-EF75-1139-1E8FE11C856F}.Debug|Any CPU.Build.0 = Debug|Any CPU
		{A1F5023F-A0E5-EF75-1139-1E8FE11C856F}.Release|Any CPU.ActiveCfg = Release|Any CPU
		{A1F5023F-A0E5-EF75-1139-1E8FE11C856F}.Release|Any CPU.Build.0 = Release|Any CPU
		{2B90787D-7FCD-3DCD-113A-42129DD0B069}.Debug|Any CPU.ActiveCfg = Debug|Any CPU
		{2B90787D-7FCD-3DCD-113A-42129DD0B069}.Debug|Any CPU.Build.0 = Debug|Any CPU
		{2B90787D-7FCD-3DCD-113A-42129DD0B069}.Release|Any CPU.ActiveCfg = Release|Any CPU
		{2B90787D-7FCD-3DCD-113A-42129DD0B069}.Release|Any CPU.Build.0 = Release|Any CPU
		{6664FCD3-11A8-87D1-F825-9DC3F21BAD1E}.Debug|Any CPU.ActiveCfg = Debug|Any CPU
		{6664FCD3-11A8-87D1-F825-9DC3F21BAD1E}.Debug|Any CPU.Build.0 = Debug|Any CPU
		{6664FCD3-11A8-87D1-F825-9DC3F21BAD1E}.Release|Any CPU.ActiveCfg = Release|Any CPU
		{6664FCD3-11A8-87D1-F825-9DC3F21BAD1E}.Release|Any CPU.Build.0 = Release|Any CPU
		{FAF3550D-9063-83A9-5DE8-5315D5A3253C}.Debug|Any CPU.ActiveCfg = Debug|Any CPU
		{FAF3550D-9063-83A9-5DE8-5315D5A3253C}.Debug|Any CPU.Build.0 = Debug|Any CPU
		{FAF3550D-9063-83A9-5DE8-5315D5A3253C}.Release|Any CPU.ActiveCfg = Release|Any CPU
		{FAF3550D-9063-83A9-5DE8-5315D5A3253C}.Release|Any CPU.Build.0 = Release|Any CPU
		{F8BE0925-C72E-7B8E-6F53-51A89A5561BE}.Debug|Any CPU.ActiveCfg = Debug|Any CPU
		{F8BE0925-C72E-7B8E-6F53-51A89A5561BE}.Debug|Any CPU.Build.0 = Debug|Any CPU
		{F8BE0925-C72E-7B8E-6F53-51A89A5561BE}.Release|Any CPU.ActiveCfg = Release|Any CPU
		{F8BE0925-C72E-7B8E-6F53-51A89A5561BE}.Release|Any CPU.Build.0 = Release|Any CPU
		{C9ED6A58-B6DF-954F-FF2D-4054B566540B}.Debug|Any CPU.ActiveCfg = Debug|Any CPU
		{C9ED6A58-B6DF-954F-FF2D-4054B566540B}.Debug|Any CPU.Build.0 = Debug|Any CPU
		{C9ED6A58-B6DF-954F-FF2D-4054B566540B}.Release|Any CPU.ActiveCfg = Release|Any CPU
		{C9ED6A58-B6DF-954F-FF2D-4054B566540B}.Release|Any CPU.Build.0 = Release|Any CPU
		{2F2440B9-1837-C2FE-ECC4-BA17C88B421C}.Debug|Any CPU.ActiveCfg = Debug|Any CPU
		{2F2440B9-1837-C2FE-ECC4-BA17C88B421C}.Debug|Any CPU.Build.0 = Debug|Any CPU
		{2F2440B9-1837-C2FE-ECC4-BA17C88B421C}.Release|Any CPU.ActiveCfg = Release|Any CPU
		{2F2440B9-1837-C2FE-ECC4-BA17C88B421C}.Release|Any CPU.Build.0 = Release|Any CPU
		{7A620640-7A00-1DF1-A296-2897676954B8}.Debug|Any CPU.ActiveCfg = Debug|Any CPU
		{7A620640-7A00-1DF1-A296-2897676954B8}.Debug|Any CPU.Build.0 = Debug|Any CPU
		{7A620640-7A00-1DF1-A296-2897676954B8}.Release|Any CPU.ActiveCfg = Release|Any CPU
		{7A620640-7A00-1DF1-A296-2897676954B8}.Release|Any CPU.Build.0 = Release|Any CPU
		{C716E93F-CBE8-7452-D0D1-2749B1D9E075}.Debug|Any CPU.ActiveCfg = Debug|Any CPU
		{C716E93F-CBE8-7452-D0D1-2749B1D9E075}.Debug|Any CPU.Build.0 = Debug|Any CPU
		{C716E93F-CBE8-7452-D0D1-2749B1D9E075}.Release|Any CPU.ActiveCfg = Release|Any CPU
		{C716E93F-CBE8-7452-D0D1-2749B1D9E075}.Release|Any CPU.Build.0 = Release|Any CPU
		{B05DD17C-BAEE-57B9-676E-F6FF0CA203F1}.Debug|Any CPU.ActiveCfg = Debug|Any CPU
		{B05DD17C-BAEE-57B9-676E-F6FF0CA203F1}.Debug|Any CPU.Build.0 = Debug|Any CPU
		{B05DD17C-BAEE-57B9-676E-F6FF0CA203F1}.Release|Any CPU.ActiveCfg = Release|Any CPU
		{B05DD17C-BAEE-57B9-676E-F6FF0CA203F1}.Release|Any CPU.Build.0 = Release|Any CPU
		{E4A3E901-2E03-31C4-2799-F949102E87C4}.Debug|Any CPU.ActiveCfg = Debug|Any CPU
		{E4A3E901-2E03-31C4-2799-F949102E87C4}.Debug|Any CPU.Build.0 = Debug|Any CPU
		{E4A3E901-2E03-31C4-2799-F949102E87C4}.Release|Any CPU.ActiveCfg = Release|Any CPU
		{E4A3E901-2E03-31C4-2799-F949102E87C4}.Release|Any CPU.Build.0 = Release|Any CPU
		{EC99BE26-32A3-8E52-FA67-EEA2489C3CF7}.Debug|Any CPU.ActiveCfg = Debug|Any CPU
		{EC99BE26-32A3-8E52-FA67-EEA2489C3CF7}.Debug|Any CPU.Build.0 = Debug|Any CPU
		{EC99BE26-32A3-8E52-FA67-EEA2489C3CF7}.Release|Any CPU.ActiveCfg = Release|Any CPU
		{EC99BE26-32A3-8E52-FA67-EEA2489C3CF7}.Release|Any CPU.Build.0 = Release|Any CPU
		{74668C30-E897-1379-E63D-D07194D084DF}.Debug|Any CPU.ActiveCfg = Debug|Any CPU
		{74668C30-E897-1379-E63D-D07194D084DF}.Debug|Any CPU.Build.0 = Debug|Any CPU
		{74668C30-E897-1379-E63D-D07194D084DF}.Release|Any CPU.ActiveCfg = Release|Any CPU
		{74668C30-E897-1379-E63D-D07194D084DF}.Release|Any CPU.Build.0 = Release|Any CPU
		{733BBB13-F7E9-9618-4134-EAABD8C2D508}.Debug|Any CPU.ActiveCfg = Debug|Any CPU
		{733BBB13-F7E9-9618-4134-EAABD8C2D508}.Debug|Any CPU.Build.0 = Debug|Any CPU
		{733BBB13-F7E9-9618-4134-EAABD8C2D508}.Release|Any CPU.ActiveCfg = Release|Any CPU
		{733BBB13-F7E9-9618-4134-EAABD8C2D508}.Release|Any CPU.Build.0 = Release|Any CPU
		{AD505663-D3C2-04C3-4EE1-8C20E55F510C}.Debug|Any CPU.ActiveCfg = Debug|Any CPU
		{AD505663-D3C2-04C3-4EE1-8C20E55F510C}.Debug|Any CPU.Build.0 = Debug|Any CPU
		{AD505663-D3C2-04C3-4EE1-8C20E55F510C}.Release|Any CPU.ActiveCfg = Release|Any CPU
		{AD505663-D3C2-04C3-4EE1-8C20E55F510C}.Release|Any CPU.Build.0 = Release|Any CPU
		{DDAE5A08-9303-E006-E1EB-AA1C56E5C031}.Debug|Any CPU.ActiveCfg = Debug|Any CPU
		{DDAE5A08-9303-E006-E1EB-AA1C56E5C031}.Debug|Any CPU.Build.0 = Debug|Any CPU
		{DDAE5A08-9303-E006-E1EB-AA1C56E5C031}.Release|Any CPU.ActiveCfg = Release|Any CPU
		{DDAE5A08-9303-E006-E1EB-AA1C56E5C031}.Release|Any CPU.Build.0 = Release|Any CPU
		{1984B830-C66C-FAF1-326A-5E2E4CAC7173}.Debug|Any CPU.ActiveCfg = Debug|Any CPU
		{1984B830-C66C-FAF1-326A-5E2E4CAC7173}.Debug|Any CPU.Build.0 = Debug|Any CPU
		{1984B830-C66C-FAF1-326A-5E2E4CAC7173}.Release|Any CPU.ActiveCfg = Release|Any CPU
		{1984B830-C66C-FAF1-326A-5E2E4CAC7173}.Release|Any CPU.Build.0 = Release|Any CPU
		{EC45ED32-4E28-C05F-69B5-57D6B90DCAF9}.Debug|Any CPU.ActiveCfg = Debug|Any CPU
		{EC45ED32-4E28-C05F-69B5-57D6B90DCAF9}.Debug|Any CPU.Build.0 = Debug|Any CPU
		{EC45ED32-4E28-C05F-69B5-57D6B90DCAF9}.Release|Any CPU.ActiveCfg = Release|Any CPU
		{EC45ED32-4E28-C05F-69B5-57D6B90DCAF9}.Release|Any CPU.Build.0 = Release|Any CPU
		{42F6A335-3ECC-45D2-2184-E3162F031E03}.Debug|Any CPU.ActiveCfg = Debug|Any CPU
		{42F6A335-3ECC-45D2-2184-E3162F031E03}.Debug|Any CPU.Build.0 = Debug|Any CPU
		{42F6A335-3ECC-45D2-2184-E3162F031E03}.Release|Any CPU.ActiveCfg = Release|Any CPU
		{42F6A335-3ECC-45D2-2184-E3162F031E03}.Release|Any CPU.Build.0 = Release|Any CPU
		{2300E30F-3BD2-CED1-378F-066883C7D191}.Debug|Any CPU.ActiveCfg = Debug|Any CPU
		{2300E30F-3BD2-CED1-378F-066883C7D191}.Debug|Any CPU.Build.0 = Debug|Any CPU
		{2300E30F-3BD2-CED1-378F-066883C7D191}.Release|Any CPU.ActiveCfg = Release|Any CPU
		{2300E30F-3BD2-CED1-378F-066883C7D191}.Release|Any CPU.Build.0 = Release|Any CPU
		{B0BB28C4-1ED1-6ED9-0557-EECC6BF0DCE4}.Debug|Any CPU.ActiveCfg = Debug|Any CPU
		{B0BB28C4-1ED1-6ED9-0557-EECC6BF0DCE4}.Debug|Any CPU.Build.0 = Debug|Any CPU
		{B0BB28C4-1ED1-6ED9-0557-EECC6BF0DCE4}.Release|Any CPU.ActiveCfg = Release|Any CPU
		{B0BB28C4-1ED1-6ED9-0557-EECC6BF0DCE4}.Release|Any CPU.Build.0 = Release|Any CPU
		{4D931A40-B9EE-2347-C5A6-30682A3921F9}.Debug|Any CPU.ActiveCfg = Debug|Any CPU
		{4D931A40-B9EE-2347-C5A6-30682A3921F9}.Debug|Any CPU.Build.0 = Debug|Any CPU
		{4D931A40-B9EE-2347-C5A6-30682A3921F9}.Release|Any CPU.ActiveCfg = Release|Any CPU
		{4D931A40-B9EE-2347-C5A6-30682A3921F9}.Release|Any CPU.Build.0 = Release|Any CPU
		{9EDEA0EF-9A4D-1CD6-EBAA-E38FD35CD219}.Debug|Any CPU.ActiveCfg = Debug|Any CPU
		{9EDEA0EF-9A4D-1CD6-EBAA-E38FD35CD219}.Debug|Any CPU.Build.0 = Debug|Any CPU
		{9EDEA0EF-9A4D-1CD6-EBAA-E38FD35CD219}.Release|Any CPU.ActiveCfg = Release|Any CPU
		{9EDEA0EF-9A4D-1CD6-EBAA-E38FD35CD219}.Release|Any CPU.Build.0 = Release|Any CPU
		{10F65432-B609-B787-A905-882B0D5752C3}.Debug|Any CPU.ActiveCfg = Debug|Any CPU
		{10F65432-B609-B787-A905-882B0D5752C3}.Debug|Any CPU.Build.0 = Debug|Any CPU
		{10F65432-B609-B787-A905-882B0D5752C3}.Release|Any CPU.ActiveCfg = Release|Any CPU
		{10F65432-B609-B787-A905-882B0D5752C3}.Release|Any CPU.Build.0 = Release|Any CPU
	EndGlobalSection
	GlobalSection(SolutionProperties) = preSolution
		HideSolutionNode = FALSE
	EndGlobalSection
EndGlobal
